{
  "nodes": {
    "nixpkgs": {
      "locked": {
        "lastModified": 1738824222,
        "narHash": "sha256-U3SNq+waitGIotmgg/Et3J7o4NvUtP2gb2VhME5QXiw=",
        "owner": "NixOS",
        "repo": "nixpkgs",
        "rev": "550e11f27ba790351d390d9eca3b80ad0f0254e7",
        "type": "github"
      },
      "original": {
        "owner": "NixOS",
        "ref": "nixos-unstable",
        "repo": "nixpkgs",
        "type": "github"
      }
    },
    "root": {
      "inputs": {
        "nixpkgs": "nixpkgs",
        "rust-overlay": "rust-overlay"
      }
    },
    "rust-overlay": {
      "inputs": {
        "nixpkgs": [
          "nixpkgs"
        ]
      },
      "locked": {
        "lastModified": 1738895285,
        "narHash": "sha256-4Ukr4reJfQ67c6QqIxbX47wnPIGxE8BXCAEPu1C3MFM=",
        "owner": "oxalica",
        "repo": "rust-overlay",
        "rev": "85f3aed5f4b8eb312c6e8fe8c476bac248aed75f",
        "type": "github"
      },
      "original": {
        "owner": "oxalica",
        "repo": "rust-overlay",
        "type": "github"
      }
    }
  },
  "root": "root",
  "version": 7
}
